
Microsoft Visual Studio Solution File, Format Version 12.00
# Visual Studio Version 17
VisualStudioVersion = 17.6.33723.286
MinimumVisualStudioVersion = 10.0.40219.1
Project("{FAE04EC0-301F-11D3-BF4B-00C04F79EFBC}") = "Student Grading", "Student Grading\Student Grading.csproj", "{9E7790A8-5B0D-4874-BBAD-01E4E09E5093}"
EndProject
Global
	GlobalSection(SolutionConfigurationPlatforms) = preSolution
		Debug|Any CPU = Debug|Any CPU
		Release|Any CPU = Release|Any CPU
	EndGlobalSection
	GlobalSection(ProjectConfigurationPlatforms) = postSolution
		{9E7790A8-5B0D-4874-BBAD-01E4E09E5093}.Debug|Any CPU.ActiveCfg = Debug|Any CPU
		{9E7790A8-5B0D-4874-BBAD-01E4E09E5093}.Debug|Any CPU.Build.0 = Debug|Any CPU
		{9E7790A8-5B0D-4874-BBAD-01E4E09E5093}.Release|Any CPU.ActiveCfg = Release|Any CPU
		{9E7790A8-5B0D-4874-BBAD-01E4E09E5093}.Release|Any CPU.Build.0 = Release|Any CPU
	EndGlobalSection
	GlobalSection(SolutionProperties) = preSolution
		HideSolutionNode = FALSE
	EndGlobalSection
	GlobalSection(ExtensibilityGlobals) = postSolution
		SolutionGuid = {F6004C87-40E9-4828-9D18-AAD0850026AA}
	EndGlobalSection
EndGlobal
